// !$*UTF8*$!
{
	archiveVersion = 1;
	classes = {
	};
	objectVersion = 77;
	objects = {

/* Begin PBXBuildFile section */
		2BE2F6812F4F919E0094DADC /* OpenGL.framework in Frameworks */ = {isa = PBXBuildFile; fileRef = 2BE2F6802F4F919D0094DADC /* OpenGL.framework */; };
		2BE2F6832F4F91A60094DADC /* Cocoa.framework in Frameworks */ = {isa = PBXBuildFile; fileRef = 2BE2F6822F4F91A60094DADC /* Cocoa.framework */; };
		2BE2F6852F4F91B00094DADC /* CoreVideo.framework in Frameworks */ = {isa = PBXBuildFile; fileRef = 2BE2F6842F4F91B00094DADC /* CoreVideo.framework */; };
		UTUTUT01UTUTUT01UTUTUT01 /* UniformTypeIdentifiers.framework in Frameworks */ = {isa = PBXBuildFile; fileRef = UTUTUT02UTUTUT02UTUTUT02 /* UniformTypeIdentifiers.framework */; };
		2BE2F6912F4F9B390094DADC /* libpfc-Mac.a in Frameworks */ = {isa = PBXBuildFile; fileRef = 2BE2F6902F4F9B390094DADC /* libpfc-Mac.a */; };
		2BE2F6932F4F9B510094DADC /* libfoobar2000_SDK.a in Frameworks */ = {isa = PBXBuildFile; fileRef = 2BE2F6922F4F9B510094DADC /* libfoobar2000_SDK.a */; };
		2BE2F6952F4F9B740094DADC /* libfoobar2000_SDK_helpers.a in Frameworks */ = {isa = PBXBuildFile; fileRef = 2BE2F6942F4F9B740094DADC /* libfoobar2000_SDK_helpers.a */; };
		2BE2F6972F4F9B900094DADC /* libfoobar2000_component_client.a in Frameworks */ = {isa = PBXBuildFile; fileRef = 2BE2F6962F4F9B900094DADC /* libfoobar2000_component_client.a */; };
		2BE2F6992F4F9BB20094DADC /* libshared.a in Frameworks */ = {isa = PBXBuildFile; fileRef = 2BE2F6982F4F9BB20094DADC /* libshared.a */; };
		AB100001AB100001AB100001 /* ProjectMMenuLogic.mm in Sources */ = {isa = PBXBuildFile; fileRef = AB200001AB200001AB200001 /* ProjectMMenuLogic.mm */; };
		AB100002AB100002AB100002 /* ProjectMMenuLogicTests.mm in Sources */ = {isa = PBXBuildFile; fileRef = AB200003AB200003AB200003 /* ProjectMMenuLogicTests.mm */; };
		AB100003AB100003AB100003 /* ProjectMMenuLogic.mm in Sources */ = {isa = PBXBuildFile; fileRef = AB200001AB200001AB200001 /* ProjectMMenuLogic.mm */; };
		AB100004AB100004AB100004 /* XCTest.framework in Frameworks */ = {isa = PBXBuildFile; fileRef = AB200005AB200005AB200005 /* XCTest.framework */; };
		AB100005AB100005AB100005 /* Cocoa.framework in Frameworks */ = {isa = PBXBuildFile; fileRef = 2BE2F6822F4F91A60094DADC /* Cocoa.framework */; };
		AB100006AB100006AB100006 /* ProjectMView.mm in Sources */ = {isa = PBXBuildFile; fileRef = AB200006AB200006AB200006 /* ProjectMView.mm */; };
		AD100001AD100001AD100001 /* ProjectMView+Menu.mm in Sources */ = {isa = PBXBuildFile; fileRef = AD200001AD200001AD200001 /* ProjectMView+Menu.mm */; };
		AC100001AC100001AC100001 /* ProjectMView+Presets.mm in Sources */ = {isa = PBXBuildFile; fileRef = AC200001AC200001AC200001 /* ProjectMView+Presets.mm */; };
		AB900001AB900001AB900001 /* ProjectMRegistration.mm in Sources */ = {isa = PBXBuildFile; fileRef = AB900002AB900002AB900002 /* ProjectMRegistration.mm */; };
		AA000012AA000012AA000012 /* zipfs.cpp in Sources */ = {isa = PBXBuildFile; fileRef = AA000002AA000002AA000002 /* zipfs.cpp */; };
		AA000013AA000013AA000013 /* ioapi.c in Sources */ = {isa = PBXBuildFile; fileRef = AA000003AA000003AA000003 /* ioapi.c */; };
		AA000014AA000014AA000014 /* unzip.c in Sources */ = {isa = PBXBuildFile; fileRef = AA000004AA000004AA000004 /* unzip.c */; };
/* End PBXBuildFile section */

/* Begin PBXFileReference section */
		2BE2F6782F4F905D0094DADC /* foo_vis_projectMacOS.component */ = {isa = PBXFileReference; explicitFileType = wrapper.cfbundle; includeInIndex = 0; path = foo_vis_projectMacOS.component; sourceTree = BUILT_PRODUCTS_DIR; };
		2BE2F6802F4F919D0094DADC /* OpenGL.framework */ = {isa = PBXFileReference; lastKnownFileType = wrapper.framework; name = OpenGL.framework; path = System/Library/Frameworks/OpenGL.framework; sourceTree = SDKROOT; };
		2BE2F6822F4F91A60094DADC /* Cocoa.framework */ = {isa = PBXFileReference; lastKnownFileType = wrapper.framework; name = Cocoa.framework; path = System/Library/Frameworks/Cocoa.framework; sourceTree = SDKROOT; };
		2BE2F6842F4F91B00094DADC /* CoreVideo.framework */ = {isa = PBXFileReference; lastKnownFileType = wrapper.framework; name = CoreVideo.framework; path = System/Library/Frameworks/CoreVideo.framework; sourceTree = SDKROOT; };
		UTUTUT02UTUTUT02UTUTUT02 /* UniformTypeIdentifiers.framework */ = {isa = PBXFileReference; lastKnownFileType = wrapper.framework; name = UniformTypeIdentifiers.framework; path = System/Library/Frameworks/UniformTypeIdentifiers.framework; sourceTree = SDKROOT; };
		2BE2F6862F4F929E0094DADC /* libpfc-Mac.a */ = {isa = PBXFileReference; lastKnownFileType = archive.ar; name = "libpfc-Mac.a"; path = "../../../SDK-2025-03-07/pfc/build/Release/libpfc-Mac.a"; sourceTree = "<group>"; };
		2BE2F6882F4F92C40094DADC /* libfoobar2000_SDK.a */ = {isa = PBXFileReference; lastKnownFileType = archive.ar; name = libfoobar2000_SDK.a; path = "../../../SDK-2025-03-07/foobar2000/SDK/build/Release/libfoobar2000_SDK.a"; sourceTree = "<group>"; };
		2BE2F68A2F4F971F0094DADC /* libfoobar2000_SDK_helpers.a */ = {isa = PBXFileReference; lastKnownFileType = archive.ar; name = libfoobar2000_SDK_helpers.a; path = "../../../SDK-2025-03-07/foobar2000/helpers/build/Release/libfoobar2000_SDK_helpers.a"; sourceTree = "<group>"; };
		2BE2F68C2F4F973E0094DADC /* libfoobar2000_component_client.a */ = {isa = PBXFileReference; lastKnownFileType = archive.ar; name = libfoobar2000_component_client.a; path = "../../../SDK-2025-03-07/foobar2000/foobar2000_component_client/build/Release/libfoobar2000_component_client.a"; sourceTree = "<group>"; };
		2BE2F68E2F4F97550094DADC /* libshared.a */ = {isa = PBXFileReference; lastKnownFileType = archive.ar; name = libshared.a; path = "../../../SDK-2025-03-07/foobar2000/shared/build/Release/libshared.a"; sourceTree = "<group>"; };
		2BE2F6902F4F9B390094DADC /* libpfc-Mac.a */ = {isa = PBXFileReference; lastKnownFileType = archive.ar; name = "libpfc-Mac.a"; path = "../deps/foobar2000-sdk/pfc/build/Release/libpfc-Mac.a"; sourceTree = "<group>"; };
		2BE2F6922F4F9B510094DADC /* libfoobar2000_SDK.a */ = {isa = PBXFileReference; lastKnownFileType = archive.ar; name = libfoobar2000_SDK.a; path = "../deps/foobar2000-sdk/foobar2000/SDK/build/Release/libfoobar2000_SDK.a"; sourceTree = "<group>"; };
		2BE2F6942F4F9B740094DADC /* libfoobar2000_SDK_helpers.a */ = {isa = PBXFileReference; lastKnownFileType = archive.ar; name = libfoobar2000_SDK_helpers.a; path = "../deps/foobar2000-sdk/foobar2000/helpers/build/Release/libfoobar2000_SDK_helpers.a"; sourceTree = "<group>"; };
		2BE2F6962F4F9B900094DADC /* libfoobar2000_component_client.a */ = {isa = PBXFileReference; lastKnownFileType = archive.ar; name = libfoobar2000_component_client.a; path = "../deps/foobar2000-sdk/foobar2000/foobar2000_component_client/build/Release/libfoobar2000_component_client.a"; sourceTree = "<group>"; };
		2BE2F6982F4F9BB20094DADC /* libshared.a */ = {isa = PBXFileReference; lastKnownFileType = archive.ar; name = libshared.a; path = "../deps/foobar2000-sdk/foobar2000/shared/build/Release/libshared.a"; sourceTree = "<group>"; };
		AB200001AB200001AB200001 /* ProjectMMenuLogic.mm */ = {isa = PBXFileReference; lastKnownFileType = sourcecode.cpp.objcpp; name = ProjectMMenuLogic.mm; path = ProjectMMenuLogic.mm; sourceTree = "<group>"; };
		AB200002AB200002AB200002 /* ProjectMMenuLogic.h */ = {isa = PBXFileReference; lastKnownFileType = sourcecode.c.h; name = ProjectMMenuLogic.h; path = ProjectMMenuLogic.h; sourceTree = "<group>"; };
		AB200003AB200003AB200003 /* ProjectMMenuLogicTests.mm */ = {isa = PBXFileReference; lastKnownFileType = sourcecode.cpp.objcpp; name = ProjectMMenuLogicTests.mm; path = tests/ProjectMMenuLogicTests.mm; sourceTree = "<group>"; };
		AB200004AB200004AB200004 /* projectMacOSTests.xctest */ = {isa = PBXFileReference; explicitFileType = wrapper.cfbundle; includeInIndex = 0; path = projectMacOSTests.xctest; sourceTree = BUILT_PRODUCTS_DIR; };
		AB200005AB200005AB200005 /* XCTest.framework */ = {isa = PBXFileReference; lastKnownFileType = wrapper.framework; name = XCTest.framework; path = System/Library/Frameworks/XCTest.framework; sourceTree = SDKROOT; };
		AB200006AB200006AB200006 /* ProjectMView.mm */ = {isa = PBXFileReference; lastKnownFileType = sourcecode.cpp.objcpp; name = ProjectMView.mm; path = ProjectMView.mm; sourceTree = "<group>"; };
		AD200001AD200001AD200001 /* ProjectMView+Menu.mm */ = {isa = PBXFileReference; lastKnownFileType = sourcecode.cpp.objcpp; name = "ProjectMView+Menu.mm"; path = "ProjectMView+Menu.mm"; sourceTree = "<group>"; };
		AC200001AC200001AC200001 /* ProjectMView+Presets.mm */ = {isa = PBXFileReference; lastKnownFileType = sourcecode.cpp.objcpp; name = "ProjectMView+Presets.mm"; path = "ProjectMView+Presets.mm"; sourceTree = "<group>"; };
		AB900002AB900002AB900002 /* ProjectMRegistration.mm */ = {isa = PBXFileReference; lastKnownFileType = sourcecode.cpp.objcpp; name = ProjectMRegistration.mm; path = ProjectMRegistration.mm; sourceTree = "<group>"; };
		AA000002AA000002AA000002 /* zipfs.cpp */ = {isa = PBXFileReference; lastKnownFileType = sourcecode.cpp.cpp; name = zipfs.cpp; path = zipfs/zipfs.cpp; sourceTree = "<group>"; };
		AA000003AA000003AA000003 /* ioapi.c */ = {isa = PBXFileReference; lastKnownFileType = sourcecode.c.c; name = ioapi.c; path = zipfs/ioapi.c; sourceTree = "<group>"; };
		AA000004AA000004AA000004 /* unzip.c */ = {isa = PBXFileReference; lastKnownFileType = sourcecode.c.c; name = unzip.c; path = zipfs/unzip.c; sourceTree = "<group>"; };
/* End PBXFileReference section */

/* Begin PBXFrameworksBuildPhase section */
		2BE2F6752F4F905D0094DADC /* Frameworks */ = {
			isa = PBXFrameworksBuildPhase;
			buildActionMask = 2147483647;
			files = (
				2BE2F6992F4F9BB20094DADC /* libshared.a in Frameworks */,
				2BE2F6972F4F9B900094DADC /* libfoobar2000_component_client.a in Frameworks */,
				2BE2F6952F4F9B740094DADC /* libfoobar2000_SDK_helpers.a in Frameworks */,
				2BE2F6932F4F9B510094DADC /* libfoobar2000_SDK.a in Frameworks */,
				2BE2F6912F4F9B390094DADC /* libpfc-Mac.a in Frameworks */,
				2BE2F6852F4F91B00094DADC /* CoreVideo.framework in Frameworks */,
				2BE2F6832F4F91A60094DADC /* Cocoa.framework in Frameworks */,
				2BE2F6812F4F919E0094DADC /* OpenGL.framework in Frameworks */,
				UTUTUT01UTUTUT01UTUTUT01 /* UniformTypeIdentifiers.framework in Frameworks */,
			);
			runOnlyForDeploymentPostprocessing = 0;
		};
		AB300001AB300001AB300001 /* Frameworks */ = {
			isa = PBXFrameworksBuildPhase;
			buildActionMask = 2147483647;
			files = (
				AB100005AB100005AB100005 /* Cocoa.framework in Frameworks */,
				AB100004AB100004AB100004 /* XCTest.framework in Frameworks */,
			);
			runOnlyForDeploymentPostprocessing = 0;
		};
/* End PBXFrameworksBuildPhase section */

/* Begin PBXGroup section */
		2BE2F66F2F4F905D0094DADC = {
			isa = PBXGroup;
			children = (
				AA000005AA000005AA000005 /* Sources */,
				2BE2F67F2F4F919D0094DADC /* Frameworks */,
				2BE2F6792F4F905D0094DADC /* Products */,
			);
			sourceTree = "<group>";
		};
		AA000005AA000005AA000005 /* Sources */ = {
			isa = PBXGroup;
			children = (
				AB200002AB200002AB200002 /* ProjectMMenuLogic.h */,
				AB200001AB200001AB200001 /* ProjectMMenuLogic.mm */,
				AB200006AB200006AB200006 /* ProjectMView.mm */,
				AD200001AD200001AD200001 /* ProjectMView+Menu.mm */,
				AC200001AC200001AC200001 /* ProjectMView+Presets.mm */,
				AB900002AB900002AB900002 /* ProjectMRegistration.mm */,
				AB400001AB400001AB400001 /* Tests */,
				AA000002AA000002AA000002 /* zipfs.cpp */,
				AA000003AA000003AA000003 /* ioapi.c */,
				AA000004AA000004AA000004 /* unzip.c */,
			);
			name = Sources;
			sourceTree = "<group>";
		};
		AB400001AB400001AB400001 /* Tests */ = {
			isa = PBXGroup;
			children = (
				AB200003AB200003AB200003 /* ProjectMMenuLogicTests.mm */,
			);
			name = Tests;
			sourceTree = "<group>";
		};
		2BE2F6792F4F905D0094DADC /* Products */ = {
			isa = PBXGroup;
			children = (
				2BE2F6782F4F905D0094DADC /* foo_vis_projectMacOS.component */,
				AB200004AB200004AB200004 /* projectMacOSTests.xctest */,
			);
			name = Products;
			sourceTree = "<group>";
		};
		2BE2F67F2F4F919D0094DADC /* Frameworks */ = {
			isa = PBXGroup;
			children = (
				AB200005AB200005AB200005 /* XCTest.framework */,
				2BE2F6982F4F9BB20094DADC /* libshared.a */,
				2BE2F6962F4F9B900094DADC /* libfoobar2000_component_client.a */,
				2BE2F6942F4F9B740094DADC /* libfoobar2000_SDK_helpers.a */,
				2BE2F6922F4F9B510094DADC /* libfoobar2000_SDK.a */,
				2BE2F6902F4F9B390094DADC /* libpfc-Mac.a */,
				2BE2F68E2F4F97550094DADC /* libshared.a */,
				2BE2F68C2F4F973E0094DADC /* libfoobar2000_component_client.a */,
				2BE2F68A2F4F971F0094DADC /* libfoobar2000_SDK_helpers.a */,
				2BE2F6882F4F92C40094DADC /* libfoobar2000_SDK.a */,
				2BE2F6862F4F929E0094DADC /* libpfc-Mac.a */,
				2BE2F6842F4F91B00094DADC /* CoreVideo.framework */,
				2BE2F6822F4F91A60094DADC /* Cocoa.framework */,
				2BE2F6802F4F919D0094DADC /* OpenGL.framework */,
				UTUTUT02UTUTUT02UTUTUT02 /* UniformTypeIdentifiers.framework */,
			);
			name = Frameworks;
			sourceTree = "<group>";
		};
/* End PBXGroup section */

/* Begin PBXShellScriptBuildPhase section */
		AA000020AA000020AA000020 /* Package fb2k-component */ = {
			isa = PBXShellScriptBuildPhase;
			buildActionMask = 2147483647;
			files = (
			);
			inputFileListPaths = (
			);
			inputPaths = (
				"$(BUILT_PRODUCTS_DIR)/$(WRAPPER_NAME)",
			);
			name = "Package fb2k-component";
			outputFileListPaths = (
			);
			outputPaths = (
				"$(BUILT_PRODUCTS_DIR)/$(PRODUCT_NAME).fb2k-component",
			);
			runOnlyForDeploymentPostprocessing = 0;
			shellPath = /bin/sh;
			shellScript = "set -e\n\n# Package into .fb2k-component zip\ncd \"$BUILT_PRODUCTS_DIR\"\nmkdir -p mac\ncp -r \"$WRAPPER_NAME\" mac/\nzip -r \"$PRODUCT_NAME.fb2k-component\" \"mac/$WRAPPER_NAME\"\nrm -rf mac\n";
		};
/* End PBXShellScriptBuildPhase section */

/* Begin PBXNativeTarget section */
		2BE2F6772F4F905D0094DADC /* projectMacOS */ = {
			isa = PBXNativeTarget;
			buildConfigurationList = 2BE2F67C2F4F905D0094DADC /* Build configuration list for PBXNativeTarget "projectMacOS" */;
			buildPhases = (
				2BE2F6742F4F905D0094DADC /* Sources */,
				2BE2F6752F4F905D0094DADC /* Frameworks */,
				2BE2F6762F4F905D0094DADC /* Resources */,
				AA000020AA000020AA000020 /* Package fb2k-component */,
			);
			buildRules = (
			);
			dependencies = (
			);
			name = projectMacOS;
			packageProductDependencies = (
			);
			productName = projectMacOS;
			productReference = 2BE2F6782F4F905D0094DADC /* foo_vis_projectMacOS.component */;
			productType = "com.apple.product-type.bundle";
		};
		AB500001AB500001AB500001 /* projectMacOSTests */ = {
			isa = PBXNativeTarget;
			buildConfigurationList = AB700001AB700001AB700001 /* Build configuration list for PBXNativeTarget "projectMacOSTests" */;
			buildPhases = (
				AB600001AB600001AB600001 /* Sources */,
				AB300001AB300001AB300001 /* Frameworks */,
				AB600002AB600002AB600002 /* Resources */,
			);
			buildRules = (
			);
			dependencies = (
			);
			name = projectMacOSTests;
			packageProductDependencies = (
			);
			productName = projectMacOSTests;
			productReference = AB200004AB200004AB200004 /* projectMacOSTests.xctest */;
			productType = "com.apple.product-type.bundle.unit-test";
		};
/* End PBXNativeTarget section */

/* Begin PBXProject section */
		2BE2F6702F4F905D0094DADC /* Project object */ = {
			isa = PBXProject;
			attributes = {
				BuildIndependentTargetsInParallel = 1;
				LastUpgradeCheck = 2620;
				TargetAttributes = {
					2BE2F6772F4F905D0094DADC = {
						CreatedOnToolsVersion = 26.2;
					};
					AB500001AB500001AB500001 = {
						CreatedOnToolsVersion = 26.2;
						TestTargetID = 2BE2F6772F4F905D0094DADC;
					};
				};
			};
			buildConfigurationList = 2BE2F6732F4F905D0094DADC /* Build configuration list for PBXProject "projectMacOS" */;
			developmentRegion = en;
			hasScannedForEncodings = 0;
			knownRegions = (
				en,
				Base,
			);
			mainGroup = 2BE2F66F2F4F905D0094DADC;
			minimizedProjectReferenceProxies = 1;
			preferredProjectObjectVersion = 77;
			productRefGroup = 2BE2F6792F4F905D0094DADC /* Products */;
			projectDirPath = "";
			projectRoot = "";
			targets = (
				2BE2F6772F4F905D0094DADC /* projectMacOS */,
				AB500001AB500001AB500001 /* projectMacOSTests */,
			);
		};
/* End PBXProject section */

/* Begin PBXResourcesBuildPhase section */
		2BE2F6762F4F905D0094DADC /* Resources */ = {
			isa = PBXResourcesBuildPhase;
			buildActionMask = 2147483647;
			files = (
			);
			runOnlyForDeploymentPostprocessing = 0;
		};
		AB600002AB600002AB600002 /* Resources */ = {
			isa = PBXResourcesBuildPhase;
			buildActionMask = 2147483647;
			files = (
			);
			runOnlyForDeploymentPostprocessing = 0;
		};
/* End PBXResourcesBuildPhase section */

/* Begin PBXSourcesBuildPhase section */
		2BE2F6742F4F905D0094DADC /* Sources */ = {
			isa = PBXSourcesBuildPhase;
			buildActionMask = 2147483647;
			files = (
				AB100001AB100001AB100001 /* ProjectMMenuLogic.mm in Sources */,
				AB100006AB100006AB100006 /* ProjectMView.mm in Sources */,
				AD100001AD100001AD100001 /* ProjectMView+Menu.mm in Sources */,
				AC100001AC100001AC100001 /* ProjectMView+Presets.mm in Sources */,
				AB900001AB900001AB900001 /* ProjectMRegistration.mm in Sources */,
				AA000012AA000012AA000012 /* zipfs.cpp in Sources */,
				AA000013AA000013AA000013 /* ioapi.c in Sources */,
				AA000014AA000014AA000014 /* unzip.c in Sources */,
			);
			runOnlyForDeploymentPostprocessing = 0;
		};
		AB600001AB600001AB600001 /* Sources */ = {
			isa = PBXSourcesBuildPhase;
			buildActionMask = 2147483647;
			files = (
				AB100003AB100003AB100003 /* ProjectMMenuLogic.mm in Sources */,
				AB100002AB100002AB100002 /* ProjectMMenuLogicTests.mm in Sources */,
			);
			runOnlyForDeploymentPostprocessing = 0;
		};
/* End PBXSourcesBuildPhase section */

/* Begin XCBuildConfiguration section */
		2BE2F67A2F4F905D0094DADC /* Debug */ = {
			isa = XCBuildConfiguration;
			buildSettings = {
				ALWAYS_SEARCH_USER_PATHS = NO;
				ASSETCATALOG_COMPILER_GENERATE_SWIFT_ASSET_SYMBOL_EXTENSIONS = YES;
				CLANG_ANALYZER_NONNULL = YES;
				CLANG_ANALYZER_NUMBER_OBJECT_CONVERSION = YES_AGGRESSIVE;
				CLANG_CXX_LANGUAGE_STANDARD = "gnu++20";
				CLANG_ENABLE_MODULES = YES;
				CLANG_ENABLE_OBJC_ARC = YES;
				CLANG_ENABLE_OBJC_WEAK = YES;
				CLANG_WARN_BLOCK_CAPTURE_AUTORELEASING = YES;
				CLANG_WARN_BOOL_CONVERSION = YES;
				CLANG_WARN_COMMA = YES;
				CLANG_WARN_CONSTANT_CONVERSION = YES;
				CLANG_WARN_DEPRECATED_OBJC_IMPLEMENTATIONS = YES;
				CLANG_WARN_DIRECT_OBJC_ISA_USAGE = YES_ERROR;
				CLANG_WARN_DOCUMENTATION_COMMENTS = YES;
				CLANG_WARN_EMPTY_BODY = YES;
				CLANG_WARN_ENUM_CONVERSION = YES;
				CLANG_WARN_INFINITE_RECURSION = YES;
				CLANG_WARN_INT_CONVERSION = YES;
				CLANG_WARN_NON_LITERAL_NULL_CONVERSION = YES;
				CLANG_WARN_OBJC_IMPLICIT_RETAIN_SELF = YES;
				CLANG_WARN_OBJC_LITERAL_CONVERSION = YES;
				CLANG_WARN_OBJC_ROOT_CLASS = YES_ERROR;
				CLANG_WARN_QUOTED_INCLUDE_IN_FRAMEWORK_HEADER = YES;
				CLANG_WARN_RANGE_LOOP_ANALYSIS = YES;
				CLANG_WARN_STRICT_PROTOTYPES = YES;
				CLANG_WARN_SUSPICIOUS_MOVE = YES;
				CLANG_WARN_UNGUARDED_AVAILABILITY = YES_AGGRESSIVE;
				CLANG_WARN_UNREACHABLE_CODE = YES;
				CLANG_WARN__DUPLICATE_METHOD_MATCH = YES;
				COPY_PHASE_STRIP = NO;
				DEBUG_INFORMATION_FORMAT = dwarf;
				ENABLE_STRICT_OBJC_MSGSEND = YES;
				ENABLE_TESTABILITY = YES;
				ENABLE_USER_SCRIPT_SANDBOXING = NO;
				GCC_C_LANGUAGE_STANDARD = gnu17;
				GCC_DYNAMIC_NO_PIC = NO;
				GCC_NO_COMMON_BLOCKS = YES;
				GCC_OPTIMIZATION_LEVEL = 0;
				GCC_PREPROCESSOR_DEFINITIONS = (
					"DEBUG=1",
					"NDEBUG=1",
					"$(inherited)",
				);
				GCC_WARN_64_TO_32_BIT_CONVERSION = YES;
				GCC_WARN_ABOUT_RETURN_TYPE = YES_ERROR;
				GCC_WARN_UNDECLARED_SELECTOR = YES;
				GCC_WARN_UNINITIALIZED_AUTOS = YES_AGGRESSIVE;
				GCC_WARN_UNUSED_FUNCTION = YES;
				GCC_WARN_UNUSED_VARIABLE = YES;
				LOCALIZATION_PREFERS_STRING_CATALOGS = YES;
				MACOSX_DEPLOYMENT_TARGET = 13.0;
				MTL_ENABLE_DEBUG_INFO = INCLUDE_SOURCE;
				MTL_FAST_MATH = YES;
				ONLY_ACTIVE_ARCH = YES;
				SDKROOT = macosx;
			};
			name = Debug;
		};
		2BE2F67B2F4F905D0094DADC /* Release */ = {
			isa = XCBuildConfiguration;
			buildSettings = {
				ALWAYS_SEARCH_USER_PATHS = NO;
				ASSETCATALOG_COMPILER_GENERATE_SWIFT_ASSET_SYMBOL_EXTENSIONS = YES;
				CLANG_ANALYZER_NONNULL = YES;
				CLANG_ANALYZER_NUMBER_OBJECT_CONVERSION = YES_AGGRESSIVE;
				CLANG_CXX_LANGUAGE_STANDARD = "gnu++20";
				CLANG_ENABLE_MODULES = YES;
				CLANG_ENABLE_OBJC_ARC = YES;
				CLANG_ENABLE_OBJC_WEAK = YES;
				CLANG_WARN_BLOCK_CAPTURE_AUTORELEASING = YES;
				CLANG_WARN_BOOL_CONVERSION = YES;
				CLANG_WARN_COMMA = YES;
				CLANG_WARN_CONSTANT_CONVERSION = YES;
				CLANG_WARN_DEPRECATED_OBJC_IMPLEMENTATIONS = YES;
				CLANG_WARN_DIRECT_OBJC_ISA_USAGE = YES_ERROR;
				CLANG_WARN_DOCUMENTATION_COMMENTS = YES;
				CLANG_WARN_EMPTY_BODY = YES;
				CLANG_WARN_ENUM_CONVERSION = YES;
				CLANG_WARN_INFINITE_RECURSION = YES;
				CLANG_WARN_INT_CONVERSION = YES;
				CLANG_WARN_NON_LITERAL_NULL_CONVERSION = YES;
				CLANG_WARN_OBJC_IMPLICIT_RETAIN_SELF = YES;
				CLANG_WARN_OBJC_LITERAL_CONVERSION = YES;
				CLANG_WARN_OBJC_ROOT_CLASS = YES_ERROR;
				CLANG_WARN_QUOTED_INCLUDE_IN_FRAMEWORK_HEADER = YES;
				CLANG_WARN_RANGE_LOOP_ANALYSIS = YES;
				CLANG_WARN_STRICT_PROTOTYPES = YES;
				CLANG_WARN_SUSPICIOUS_MOVE = YES;
				CLANG_WARN_UNGUARDED_AVAILABILITY = YES_AGGRESSIVE;
				CLANG_WARN_UNREACHABLE_CODE = YES;
				CLANG_WARN__DUPLICATE_METHOD_MATCH = YES;
				COPY_PHASE_STRIP = NO;
				DEBUG_INFORMATION_FORMAT = "dwarf-with-dsym";
				ENABLE_NS_ASSERTIONS = NO;
				ENABLE_STRICT_OBJC_MSGSEND = YES;
				ENABLE_USER_SCRIPT_SANDBOXING = NO;
				GCC_C_LANGUAGE_STANDARD = gnu17;
				GCC_NO_COMMON_BLOCKS = YES;
				GCC_WARN_64_TO_32_BIT_CONVERSION = YES;
				GCC_WARN_ABOUT_RETURN_TYPE = YES_ERROR;
				GCC_WARN_UNDECLARED_SELECTOR = YES;
				GCC_WARN_UNINITIALIZED_AUTOS = YES_AGGRESSIVE;
				GCC_WARN_UNUSED_FUNCTION = YES;
				GCC_WARN_UNUSED_VARIABLE = YES;
				LOCALIZATION_PREFERS_STRING_CATALOGS = YES;
				MACOSX_DEPLOYMENT_TARGET = 13.0;
				MTL_ENABLE_DEBUG_INFO = NO;
				MTL_FAST_MATH = YES;
				SDKROOT = macosx;
			};
			name = Release;
		};
		2BE2F67D2F4F905D0094DADC /* Debug */ = {
			isa = XCBuildConfiguration;
			buildSettings = {
				CODE_SIGN_STYLE = Automatic;
				COMBINE_HIDPI_IMAGES = YES;
				CURRENT_PROJECT_VERSION = 1;
				GCC_PREFIX_HEADER = stdafx.h;
				GENERATE_INFOPLIST_FILE = YES;
				HEADER_SEARCH_PATHS = (
					"$(SRCROOT)/../deps/foobar2000-sdk",
					"$(SRCROOT)/../deps/foobar2000-sdk/foobar2000",
					"$(SRCROOT)/../deps/projectm/include",
					"$(SRCROOT)/zipfs",
				);
				INFOPLIST_KEY_NSHumanReadableCopyright = "";
				INFOPLIST_KEY_NSPrincipalClass = "";
				INSTALL_PATH = "$(LOCAL_LIBRARY_DIR)/Bundles";
				LIBRARY_SEARCH_PATHS = (
					"$(SRCROOT)/../deps/projectm/lib",
					"$(SRCROOT)/../deps/foobar2000-sdk/pfc/build/Release",
					"$(SRCROOT)/../deps/foobar2000-sdk/foobar2000/SDK/build/Release",
					"$(SRCROOT)/../deps/foobar2000-sdk/foobar2000/helpers/build/Release",
					"$(SRCROOT)/../deps/foobar2000-sdk/foobar2000/foobar2000_component_client/build/Release",
					"$(SRCROOT)/../deps/foobar2000-sdk/foobar2000/shared/build/Release",
				);
				MACOSX_DEPLOYMENT_TARGET = 13.0;
				MARKETING_VERSION = 1.0.3;
				OTHER_LDFLAGS = (
					"-lprojectM-4",
					"-lprojectM-4-playlist",
					"-lz",
				);
				PRODUCT_BUNDLE_IDENTIFIER = "com.foobar2000.projectMacOS";
				PRODUCT_NAME = foo_vis_projectMacOS;
				SKIP_INSTALL = YES;
				STRING_CATALOG_GENERATE_SYMBOLS = YES;
				SWIFT_EMIT_LOC_STRINGS = YES;
				WRAPPER_EXTENSION = component;
			};
			name = Debug;
		};
		2BE2F67E2F4F905D0094DADC /* Release */ = {
			isa = XCBuildConfiguration;
			buildSettings = {
				CODE_SIGN_STYLE = Automatic;
				COMBINE_HIDPI_IMAGES = YES;
				CURRENT_PROJECT_VERSION = 1;
				GCC_PREFIX_HEADER = stdafx.h;
				GENERATE_INFOPLIST_FILE = YES;
				HEADER_SEARCH_PATHS = (
					"$(SRCROOT)/../deps/foobar2000-sdk",
					"$(SRCROOT)/../deps/foobar2000-sdk/foobar2000",
					"$(SRCROOT)/../deps/projectm/include",
					"$(SRCROOT)/zipfs",
				);
				INFOPLIST_KEY_NSHumanReadableCopyright = "";
				INFOPLIST_KEY_NSPrincipalClass = "";
				INSTALL_PATH = "$(LOCAL_LIBRARY_DIR)/Bundles";
				LIBRARY_SEARCH_PATHS = (
					"$(SRCROOT)/../deps/projectm/lib",
					"$(SRCROOT)/../deps/foobar2000-sdk/pfc/build/Release",
					"$(SRCROOT)/../deps/foobar2000-sdk/foobar2000/SDK/build/Release",
					"$(SRCROOT)/../deps/foobar2000-sdk/foobar2000/helpers/build/Release",
					"$(SRCROOT)/../deps/foobar2000-sdk/foobar2000/foobar2000_component_client/build/Release",
					"$(SRCROOT)/../deps/foobar2000-sdk/foobar2000/shared/build/Release",
				);
				MACOSX_DEPLOYMENT_TARGET = 13.0;
				MARKETING_VERSION = 1.0.3;
				OTHER_LDFLAGS = (
					"-lprojectM-4",
					"-lprojectM-4-playlist",
					"-lz",
				);
				PRODUCT_BUNDLE_IDENTIFIER = "com.foobar2000.projectMacOS";
				PRODUCT_NAME = foo_vis_projectMacOS;
				SKIP_INSTALL = YES;
				STRING_CATALOG_GENERATE_SYMBOLS = YES;
				SWIFT_EMIT_LOC_STRINGS = YES;
				WRAPPER_EXTENSION = component;
			};
			name = Release;
		};
		AB800001AB800001AB800001 /* Debug */ = {
			isa = XCBuildConfiguration;
			buildSettings = {
				BUNDLE_LOADER = "";
				CODE_SIGN_STYLE = Automatic;
				GENERATE_INFOPLIST_FILE = YES;
				MACOSX_DEPLOYMENT_TARGET = 13.0;
				PRODUCT_BUNDLE_IDENTIFIER = "com.foobar2000.projectMacOS.tests";
				PRODUCT_NAME = "$(TARGET_NAME)";
				SKIP_INSTALL = YES;
				SWIFT_EMIT_LOC_STRINGS = NO;
				TEST_HOST = "";
			};
			name = Debug;
		};
		AB800002AB800002AB800002 /* Release */ = {
			isa = XCBuildConfiguration;
			buildSettings = {
				BUNDLE_LOADER = "";
				CODE_SIGN_STYLE = Automatic;
				GENERATE_INFOPLIST_FILE = YES;
				MACOSX_DEPLOYMENT_TARGET = 13.0;
				PRODUCT_BUNDLE_IDENTIFIER = "com.foobar2000.projectMacOS.tests";
				PRODUCT_NAME = "$(TARGET_NAME)";
				SKIP_INSTALL = YES;
				SWIFT_EMIT_LOC_STRINGS = NO;
				TEST_HOST = "";
			};
			name = Release;
		};
/* End XCBuildConfiguration section */

/* Begin XCConfigurationList section */
		2BE2F6732F4F905D0094DADC /* Build configuration list for PBXProject "projectMacOS" */ = {
			isa = XCConfigurationList;
			buildConfigurations = (
				2BE2F67A2F4F905D0094DADC /* Debug */,
				2BE2F67B2F4F905D0094DADC /* Release */,
			);
			defaultConfigurationIsVisible = 0;
			defaultConfigurationName = Release;
		};
		2BE2F67C2F4F905D0094DADC /* Build configuration list for PBXNativeTarget "projectMacOS" */ = {
			isa = XCConfigurationList;
			buildConfigurations = (
				2BE2F67D2F4F905D0094DADC /* Debug */,
				2BE2F67E2F4F905D0094DADC /* Release */,
			);
			defaultConfigurationIsVisible = 0;
			defaultConfigurationName = Release;
		};
		AB700001AB700001AB700001 /* Build configuration list for PBXNativeTarget "projectMacOSTests" */ = {
			isa = XCConfigurationList;
			buildConfigurations = (
				AB800001AB800001AB800001 /* Debug */,
				AB800002AB800002AB800002 /* Release */,
			);
			defaultConfigurationIsVisible = 0;
			defaultConfigurationName = Release;
		};
/* End XCConfigurationList section */
	};
	rootObject = 2BE2F6702F4F905D0094DADC /* Project object */;
}
